// !$*UTF8*$!
{
	archiveVersion = 1;
	classes = {
	};
	objectVersion = 77;
	objects = {

/* Begin PBXContainerItemProxy section */
		116BC2552ED5DEF500984911 /* PBXContainerItemProxy */ = {
			isa = PBXContainerItemProxy;
			containerPortal = 116BC23D2ED5DEF300984911 /* Project object */;
			proxyType = 1;
			remoteGlobalIDString = 116BC2442ED5DEF300984911;
			remoteInfo = SocialCatwork;
		};
		116BC25F2ED5DEF500984911 /* PBXContainerItemProxy */ = {
			isa = PBXContainerItemProxy;
			containerPortal = 116BC23D2ED5DEF300984911 /* Project object */;
			proxyType = 1;
			remoteGlobalIDString = 116BC2442ED5DEF300984911;
			remoteInfo = SocialCatwork;
		};
/* End PBXContainerItemProxy section */

/* Begin PBXFileReference section */
		116BC2452ED5DEF300984911 /* SocialCatwork.app */ = {isa = PBXFileReference; explicitFileType = wrapper.application; includeInIndex = 0; path = SocialCatwork.app; sourceTree = BUILT_PRODUCTS_DIR; };
		116BC2542ED5DEF500984911 /* SocialCatworkTests.xctest */ = {isa = PBXFileReference; explicitFileType = wrapper.cfbundle; includeInIndex = 0; path = SocialCatworkTests.xctest; sourceTree = BUILT_PRODUCTS_DIR; };
		116BC25E2ED5DEF500984911 /* SocialCatworkUITests.xctest */ = {isa = PBXFileReference; explicitFileType = wrapper.cfbundle; includeInIndex = 0; path = SocialCatworkUITests.xctest; sourceTree = BUILT_PRODUCTS_DIR; };
/* End PBXFileReference section */

/* Begin PBXFileSystemSynchronizedRootGroup section */
		116BC2472ED5DEF300984911 /* SocialCatwork */ = {
			isa = PBXFileSystemSynchronizedRootGroup;
			path = SocialCatwork;
			sourceTree = "<group>";
		};
		116BC2572ED5DEF500984911 /* SocialCatworkTests */ = {
			isa = PBXFileSystemSynchronizedRootGroup;
			path = SocialCatworkTests;
			sourceTree = "<group>";
		};
		116BC2612ED5DEF500984911 /* SocialCatworkUITests */ = {
			isa = PBXFileSystemSynchronizedRootGroup;
			path = SocialCatworkUITests;
			sourceTree = "<group>";
		};
/* End PBXFileSystemSynchronizedRootGroup section */

/* Begin PBXFrameworksBuildPhase section */
		116BC2422ED5DEF300984911 /* Frameworks */ = {
			isa = PBXFrameworksBuildPhase;
			buildActionMask = 2147483647;
			files = (
			);
			runOnlyForDeploymentPostprocessing = 0;
		};
		116BC2512ED5DEF500984911 /* Frameworks */ = {
			isa = PBXFrameworksBuildPhase;
			buildActionMask = 2147483647;
			files = (
			);
			runOnlyForDeploymentPostprocessing = 0;
		};
		116BC25B2ED5DEF500984911 /* Frameworks */ = {
			isa = PBXFrameworksBuildPhase;
			buildActionMask = 2147483647;
			files = (
			);
			runOnlyForDeploymentPostprocessing = 0;
		};
/* End PBXFrameworksBuildPhase section */

/* Begin PBXGroup section */
		116BC23C2ED5DEF300984911 = {
			isa = PBXGroup;
			children = (
				116BC2472ED5DEF300984911 /* SocialCatwork */,
				116BC2572ED5DEF500984911 /* SocialCatworkTests */,
				116BC2612ED5DEF500984911 /* SocialCatworkUITests */,
				116BC2462ED5DEF300984911 /* Products */,
			);
			sourceTree = "<group>";
		};
		116BC2462ED5DEF300984911 /* Products */ = {
			isa = PBXGroup;
			children = (
				116BC2452ED5DEF300984911 /* SocialCatwork.app */,
				116BC2542ED5DEF500984911 /* SocialCatworkTests.xctest */,
				116BC25E2ED5DEF500984911 /* SocialCatworkUITests.xctest */,
			);
			name = Products;
			sourceTree = "<group>";
		};
/* End PBXGroup section */

/* Begin PBXNativeTarget section */
		116BC2442ED5DEF300984911 /* SocialCatwork */ = {
			isa = PBXNativeTarget;
			buildConfigurationList = 116BC2682ED5DEF500984911 /* Build configuration list for PBXNativeTarget "SocialCatwork" */;
			buildPhases = (
				116BC2412ED5DEF300984911 /* Sources */,
				116BC2422ED5DEF300984911 /* Frameworks */,
				116BC2432ED5DEF300984911 /* Resources */,
			);
			buildRules = (
			);
			dependencies = (
			);
			fileSystemSynchronizedGroups = (
				116BC2472ED5DEF300984911 /* SocialCatwork */,
			);
			name = SocialCatwork;
			packageProductDependencies = (
			);
			productName = SocialCatwork;
			productReference = 116BC2452ED5DEF300984911 /* SocialCatwork.app */;
			productType = "com.apple.product-type.application";
		};
		116BC2532ED5DEF500984911 /* SocialCatworkTests */ = {
			isa = PBXNativeTarget;
			buildConfigurationList = 116BC26B2ED5DEF500984911 /* Build configuration list for PBXNativeTarget "SocialCatworkTests" */;
			buildPhases = (
				116BC2502ED5DEF500984911 /* Sources */,
				116BC2512ED5DEF500984911 /* Frameworks */,
				116BC2522ED5DEF500984911 /* Resources */,
			);
			buildRules = (
			);
			dependencies = (
				116BC2562ED5DEF500984911 /* PBXTargetDependency */,
			);
			fileSystemSynchronizedGroups = (
				116BC2572ED5DEF500984911 /* SocialCatworkTests */,
			);
			name = SocialCatworkTests;
			packageProductDependencies = (
			);
			productName = SocialCatworkTests;
			productReference = 116BC2542ED5DEF500984911 /* SocialCatworkTests.xctest */;
			productType = "com.apple.product-type.bundle.unit-test";
		};
		116BC25D2ED5DEF500984911 /* SocialCatworkUITests */ = {
			isa = PBXNativeTarget;
			buildConfigurationList = 116BC26E2ED5DEF500984911 /* Build configuration list for PBXNativeTarget "SocialCatworkUITests" */;
			buildPhases = (
				116BC25A2ED5DEF500984911 /* Sources */,
				116BC25B2ED5DEF500984911 /* Frameworks */,
				116BC25C2ED5DEF500984911 /* Resources */,
			);
			buildRules = (
			);
			dependencies = (
				116BC2602ED5DEF500984911 /* PBXTargetDependency */,
			);
			fileSystemSynchronizedGroups = (
				116BC2612ED5DEF500984911 /* SocialCatworkUITests */,
			);
			name = SocialCatworkUITests;
			packageProductDependencies = (
			);
			productName = SocialCatworkUITests;
			productReference = 116BC25E2ED5DEF500984911 /* SocialCatworkUITests.xctest */;
			productType = "com.apple.product-type.bundle.ui-testing";
		};
/* End PBXNativeTarget section */

/* Begin PBXProject section */
		116BC23D2ED5DEF300984911 /* Project object */ = {
			isa = PBXProject;
			attributes = {
				BuildIndependentTargetsInParallel = 1;
				LastSwiftUpdateCheck = 1640;
				LastUpgradeCheck = 1640;
				TargetAttributes = {
					116BC2442ED5DEF300984911 = {
						CreatedOnToolsVersion = 16.4;
					};
					116BC2532ED5DEF500984911 = {
						CreatedOnToolsVersion = 16.4;
						TestTargetID = 116BC2442ED5DEF300984911;
					};
					116BC25D2ED5DEF500984911 = {
						CreatedOnToolsVersion = 16.4;
						TestTargetID = 116BC2442ED5DEF300984911;
					};
				};
			};
			buildConfigurationList = 116BC2402ED5DEF300984911 /* Build configuration list for PBXProject "SocialCatwork" */;
			developmentRegion = en;
			hasScannedForEncodings = 0;
			knownRegions = (
				en,
				Base,
			);
			mainGroup = 116BC23C2ED5DEF300984911;
			minimizedProjectReferenceProxies = 1;
			preferredProjectObjectVersion = 77;
			productRefGroup = 116BC2462ED5DEF300984911 /* Products */;
			projectDirPath = "";
			projectRoot = "";
			targets = (
				116BC2442ED5DEF300984911 /* SocialCatwork */,
				116BC2532ED5DEF500984911 /* SocialCatworkTests */,
				116BC25D2ED5DEF500984911 /* SocialCatworkUITests */,
			);
		};
/* End PBXProject section */

/* Begin PBXResourcesBuildPhase section */
		116BC2432ED5DEF300984911 /* Resources */ = {
			isa = PBXResourcesBuildPhase;
			buildActionMask = 2147483647;
			files = (
			);
			runOnlyForDeploymentPostprocessing = 0;
		};
		116BC2522ED5DEF500984911 /* Resources */ = {
			isa = PBXResourcesBuildPhase;
			buildActionMask = 2147483647;
			files = (
			);
			runOnlyForDeploymentPostprocessing = 0;
		};
		116BC25C2ED5DEF500984911 /* Resources */ = {
			isa = PBXResourcesBuildPhase;
			buildActionMask = 2147483647;
			files = (
			);
			runOnlyForDeploymentPostprocessing = 0;
		};
/* End PBXResourcesBuildPhase section */

/* Begin PBXSourcesBuildPhase section */
		116BC2412ED5DEF300984911 /* Sources */ = {
			isa = PBXSourcesBuildPhase;
			buildActionMask = 2147483647;
			files = (
			);
			runOnlyForDeploymentPostprocessing = 0;
		};
		116BC2502ED5DEF500984911 /* Sources */ = {
			isa = PBXSourcesBuildPhase;
			buildActionMask = 2147483647;
			files = (
			);
			runOnlyForDeploymentPostprocessing = 0;
		};
		116BC25A2ED5DEF500984911 /* Sources */ = {
			isa = PBXSourcesBuildPhase;
			buildActionMask = 2147483647;
			files = (
			);
			runOnlyForDeploymentPostprocessing = 0;
		};
/* End PBXSourcesBuildPhase section */

/* Begin PBXTargetDependency section */
		116BC2562ED5DEF500984911 /* PBXTargetDependency */ = {
			isa = PBXTargetDependency;
			target = 116BC2442ED5DEF300984911 /* SocialCatwork */;
			targetProxy = 116BC2552ED5DEF500984911 /* PBXContainerItemProxy */;
		};
		116BC2602ED5DEF500984911 /* PBXTargetDependency */ = {
			isa = PBXTargetDependency;
			target = 116BC2442ED5DEF300984911 /* SocialCatwork */;
			targetProxy = 116BC25F2ED5DEF500984911 /* PBXContainerItemProxy */;
		};
/* End PBXTargetDependency section */

/* Begin XCBuildConfiguration section */
		116BC2662ED5DEF500984911 /* Debug */ = {
			isa = XCBuildConfiguration;
			buildSettings = {
				ALWAYS_SEARCH_USER_PATHS = NO;
				ASSETCATALOG_COMPILER_GENERATE_SWIFT_ASSET_SYMBOL_EXTENSIONS = YES;
				CLANG_ANALYZER_NONNULL = YES;
				CLANG_ANALYZER_NUMBER_OBJECT_CONVERSION = YES_AGGRESSIVE;
				CLANG_CXX_LANGUAGE_STANDARD = "gnu++20";
				CLANG_ENABLE_MODULES = YES;
				CLANG_ENABLE_OBJC_ARC = YES;
				CLANG_ENABLE_OBJC_WEAK = YES;
				CLANG_WARN_BLOCK_CAPTURE_AUTORELEASING = YES;
				CLANG_WARN_BOOL_CONVERSION = YES;
				CLANG_WARN_COMMA = YES;
				CLANG_WARN_CONSTANT_CONVERSION = YES;
				CLANG_WARN_DEPRECATED_OBJC_IMPLEMENTATIONS = YES;
				CLANG_WARN_DIRECT_OBJC_ISA_USAGE = YES_ERROR;
				CLANG_WARN_DOCUMENTATION_COMMENTS = YES;
				CLANG_WARN_EMPTY_BODY = YES;
				CLANG_WARN_ENUM_CONVERSION = YES;
				CLANG_WARN_INFINITE_RECURSION = YES;
				CLANG_WARN_INT_CONVERSION = YES;
				CLANG_WARN_NON_LITERAL_NULL_CONVERSION = YES;
				CLANG_WARN_OBJC_IMPLICIT_RETAIN_SELF = YES;
				CLANG_WARN_OBJC_LITERAL_CONVERSION = YES;
				CLANG_WARN_OBJC_ROOT_CLASS = YES_ERROR;
				CLANG_WARN_QUOTED_INCLUDE_IN_FRAMEWORK_HEADER = YES;
				CLANG_WARN_RANGE_LOOP_ANALYSIS = YES;
				CLANG_WARN_STRICT_PROTOTYPES = YES;
				CLANG_WARN_SUSPICIOUS_MOVE = YES;
				CLANG_WARN_UNGUARDED_AVAILABILITY = YES_AGGRESSIVE;
				CLANG_WARN_UNREACHABLE_CODE = YES;
				CLANG_WARN__DUPLICATE_METHOD_MATCH = YES;
				COPY_PHASE_STRIP = NO;
				DEBUG_INFORMATION_FORMAT = dwarf;
				DEVELOPMENT_TEAM = 6UXQQ2CL4C;
				ENABLE_STRICT_OBJC_MSGSEND = YES;
				ENABLE_TESTABILITY = YES;
				ENABLE_USER_SCRIPT_SANDBOXING = YES;
				GCC_C_LANGUAGE_STANDARD = gnu17;
				GCC_DYNAMIC_NO_PIC = NO;
				GCC_NO_COMMON_BLOCKS = YES;
				GCC_OPTIMIZATION_LEVEL = 0;
				GCC_PREPROCESSOR_DEFINITIONS = (
					"DEBUG=1",
					"$(inherited)",
				);
				GCC_WARN_64_TO_32_BIT_CONVERSION = YES;
				GCC_WARN_ABOUT_RETURN_TYPE = YES_ERROR;
				GCC_WARN_UNDECLARED_SELECTOR = YES;
				GCC_WARN_UNINITIALIZED_AUTOS = YES_AGGRESSIVE;
				GCC_WARN_UNUSED_FUNCTION = YES;
				GCC_WARN_UNUSED_VARIABLE = YES;
				IPHONEOS_DEPLOYMENT_TARGET = 18.5;
				LOCALIZATION_PREFERS_STRING_CATALOGS = YES;
				MTL_ENABLE_DEBUG_INFO = INCLUDE_SOURCE;
				MTL_FAST_MATH = YES;
				ONLY_ACTIVE_ARCH = YES;
				SDKROOT = iphoneos;
				SWIFT_ACTIVE_COMPILATION_CONDITIONS = "DEBUG $(inherited)";
				SWIFT_OPTIMIZATION_LEVEL = "-Onone";
			};
			name = Debug;
		};
		116BC2672ED5DEF500984911 /* Release */ = {
			isa = XCBuildConfiguration;
			buildSettings = {
				ALWAYS_SEARCH_USER_PATHS = NO;
				ASSETCATALOG_COMPILER_GENERATE_SWIFT_ASSET_SYMBOL_EXTENSIONS = YES;
				CLANG_ANALYZER_NONNULL = YES;
				CLANG_ANALYZER_NUMBER_OBJECT_CONVERSION = YES_AGGRESSIVE;
				CLANG_CXX_LANGUAGE_STANDARD = "gnu++20";
				CLANG_ENABLE_MODULES = YES;
				CLANG_ENABLE_OBJC_ARC = YES;
				CLANG_ENABLE_OBJC_WEAK = YES;
				CLANG_WARN_BLOCK_CAPTURE_AUTORELEASING = YES;
				CLANG_WARN_BOOL_CONVERSION = YES;
				CLANG_WARN_COMMA = YES;
				CLANG_WARN_CONSTANT_CONVERSION = YES;
				CLANG_WARN_DEPRECATED_OBJC_IMPLEMENTATIONS = YES;
				CLANG_WARN_DIRECT_OBJC_ISA_USAGE = YES_ERROR;
				CLANG_WARN_DOCUMENTATION_COMMENTS = YES;
				CLANG_WARN_EMPTY_BODY = YES;
				CLANG_WARN_ENUM_CONVERSION = YES;
				CLANG_WARN_INFINITE_RECURSION = YES;
				CLANG_WARN_INT_CONVERSION = YES;
				CLANG_WARN_NON_LITERAL_NULL_CONVERSION = YES;
				CLANG_WARN_OBJC_IMPLICIT_RETAIN_SELF = YES;
				CLANG_WARN_OBJC_LITERAL_CONVERSION = YES;
				CLANG_WARN_OBJC_ROOT_CLASS = YES_ERROR;
				CLANG_WARN_QUOTED_INCLUDE_IN_FRAMEWORK_HEADER = YES;
				CLANG_WARN_RANGE_LOOP_ANALYSIS = YES;
				CLANG_WARN_STRICT_PROTOTYPES = YES;
				CLANG_WARN_SUSPICIOUS_MOVE = YES;
				CLANG_WARN_UNGUARDED_AVAILABILITY = YES_AGGRESSIVE;
				CLANG_WARN_UNREACHABLE_CODE = YES;
				CLANG_WARN__DUPLICATE_METHOD_MATCH = YES;
				COPY_PHASE_STRIP = NO;
				DEBUG_INFORMATION_FORMAT = "dwarf-with-dsym";
				DEVELOPMENT_TEAM = 6UXQQ2CL4C;
				ENABLE_NS_ASSERTIONS = NO;
				ENABLE_STRICT_OBJC_MSGSEND = YES;
				ENABLE_USER_SCRIPT_SANDBOXING = YES;
				GCC_C_LANGUAGE_STANDARD = gnu17;
				GCC_NO_COMMON_BLOCKS = YES;
				GCC_WARN_64_TO_32_BIT_CONVERSION = YES;
				GCC_WARN_ABOUT_RETURN_TYPE = YES_ERROR;
				GCC_WARN_UNDECLARED_SELECTOR = YES;
				GCC_WARN_UNINITIALIZED_AUTOS = YES_AGGRESSIVE;
				GCC_WARN_UNUSED_FUNCTION = YES;
				GCC_WARN_UNUSED_VARIABLE = YES;
				IPHONEOS_DEPLOYMENT_TARGET = 18.5;
				LOCALIZATION_PREFERS_STRING_CATALOGS = YES;
				MTL_ENABLE_DEBUG_INFO = NO;
				MTL_FAST_MATH = YES;
				SDKROOT = iphoneos;
				SWIFT_COMPILATION_MODE = wholemodule;
				VALIDATE_PRODUCT = YES;
			};
			name = Release;
		};
		116BC2692ED5DEF500984911 /* Debug */ = {
			isa = XCBuildConfiguration;
			buildSettings = {
				ASSETCATALOG_COMPILER_APPICON_NAME = AppIcon;
				ASSETCATALOG_COMPILER_GLOBAL_ACCENT_COLOR_NAME = AccentColor;
				CODE_SIGN_STYLE = Automatic;
				CURRENT_PROJECT_VERSION = 1;
				DEVELOPMENT_TEAM = 6UXQQ2CL4C;
				ENABLE_PREVIEWS = YES;
				GENERATE_INFOPLIST_FILE = YES;
				INFOPLIST_KEY_UIApplicationSceneManifest_Generation = YES;
				INFOPLIST_KEY_UIApplicationSupportsIndirectInputEvents = YES;
				INFOPLIST_KEY_UILaunchScreen_Generation = YES;
				INFOPLIST_KEY_UISupportedInterfaceOrientations_iPad = "UIInterfaceOrientationPortrait UIInterfaceOrientationPortraitUpsideDown UIInterfaceOrientationLandscapeLeft UIInterfaceOrientationLandscapeRight";
				INFOPLIST_KEY_UISupportedInterfaceOrientations_iPhone = "UIInterfaceOrientationPortrait UIInterfaceOrientationLandscapeLeft UIInterfaceOrientationLandscapeRight";
				LD_RUNPATH_SEARCH_PATHS = (
					"$(inherited)",
					"@executable_path/Frameworks",
				);
				MARKETING_VERSION = 1.0;
				PRODUCT_BUNDLE_IDENTIFIER = com.Crbn.SocialCatwork;
				PRODUCT_NAME = "$(TARGET_NAME)";
				SWIFT_EMIT_LOC_STRINGS = YES;
				SWIFT_VERSION = 5.0;
				TARGETED_DEVICE_FAMILY = "1,2";
			};
			name = Debug;
		};
		116BC26A2ED5DEF500984911 /* Release */ = {
			isa = XCBuildConfiguration;
			buildSettings = {
				ASSETCATALOG_COMPILER_APPICON_NAME = AppIcon;
				ASSETCATALOG_COMPILER_GLOBAL_ACCENT_COLOR_NAME = AccentColor;
				CODE_SIGN_STYLE = Automatic;
				CURRENT_PROJECT_VERSION = 1;
				DEVELOPMENT_TEAM = 6UXQQ2CL4C;
				ENABLE_PREVIEWS = YES;
				GENERATE_INFOPLIST_FILE = YES;
				INFOPLIST_KEY_UIApplicationSceneManifest_Generation = YES;
				INFOPLIST_KEY_UIApplicationSupportsIndirectInputEvents = YES;
				INFOPLIST_KEY_UILaunchScreen_Generation = YES;
				INFOPLIST_KEY_UISupportedInterfaceOrientations_iPad = "UIInterfaceOrientationPortrait UIInterfaceOrientationPortraitUpsideDown UIInterfaceOrientationLandscapeLeft UIInterfaceOrientationLandscapeRight";
				INFOPLIST_KEY_UISupportedInterfaceOrientations_iPhone = "UIInterfaceOrientationPortrait UIInterfaceOrientationLandscapeLeft UIInterfaceOrientationLandscapeRight";
				LD_RUNPATH_SEARCH_PATHS = (
					"$(inherited)",
					"@executable_path/Frameworks",
				);
				MARKETING_VERSION = 1.0;
				PRODUCT_BUNDLE_IDENTIFIER = com.Crbn.SocialCatwork;
				PRODUCT_NAME = "$(TARGET_NAME)";
				SWIFT_EMIT_LOC_STRINGS = YES;
				SWIFT_VERSION = 5.0;
				TARGETED_DEVICE_FAMILY = "1,2";
			};
			name = Release;
		};
		116BC26C2ED5DEF500984911 /* Debug */ = {
			isa = XCBuildConfiguration;
			buildSettings = {
				BUNDLE_LOADER = "$(TEST_HOST)";
				CODE_SIGN_STYLE = Automatic;
				CURRENT_PROJECT_VERSION = 1;
				DEVELOPMENT_TEAM = 6UXQQ2CL4C;
				GENERATE_INFOPLIST_FILE = YES;
				IPHONEOS_DEPLOYMENT_TARGET = 18.5;
				MARKETING_VERSION = 1.0;
				PRODUCT_BUNDLE_IDENTIFIER = com.Crbn.SocialCatworkTests;
				PRODUCT_NAME = "$(TARGET_NAME)";
				SWIFT_EMIT_LOC_STRINGS = NO;
				SWIFT_VERSION = 5.0;
				TARGETED_DEVICE_FAMILY = "1,2";
				TEST_HOST = "$(BUILT_PRODUCTS_DIR)/SocialCatwork.app/$(BUNDLE_EXECUTABLE_FOLDER_PATH)/SocialCatwork";
			};
			name = Debug;
		};
		116BC26D2ED5DEF500984911 /* Release */ = {
			isa = XCBuildConfiguration;
			buildSettings = {
				BUNDLE_LOADER = "$(TEST_HOST)";
				CODE_SIGN_STYLE = Automatic;
				CURRENT_PROJECT_VERSION = 1;
				DEVELOPMENT_TEAM = 6UXQQ2CL4C;
				GENERATE_INFOPLIST_FILE = YES;
				IPHONEOS_DEPLOYMENT_TARGET = 18.5;
				MARKETING_VERSION = 1.0;
				PRODUCT_BUNDLE_IDENTIFIER = com.Crbn.SocialCatworkTests;
				PRODUCT_NAME = "$(TARGET_NAME)";
				SWIFT_EMIT_LOC_STRINGS = NO;
				SWIFT_VERSION = 5.0;
				TARGETED_DEVICE_FAMILY = "1,2";
				TEST_HOST = "$(BUILT_PRODUCTS_DIR)/SocialCatwork.app/$(BUNDLE_EXECUTABLE_FOLDER_PATH)/SocialCatwork";
			};
			name = Release;
		};
		116BC26F2ED5DEF500984911 /* Debug */ = {
			isa = XCBuildConfiguration;
			buildSettings = {
				CODE_SIGN_STYLE = Automatic;
				CURRENT_PROJECT_VERSION = 1;
				DEVELOPMENT_TEAM = 6UXQQ2CL4C;
				GENERATE_INFOPLIST_FILE = YES;
				MARKETING_VERSION = 1.0;
				PRODUCT_BUNDLE_IDENTIFIER = com.Crbn.SocialCatworkUITests;
				PRODUCT_NAME = "$(TARGET_NAME)";
				SWIFT_EMIT_LOC_STRINGS = NO;
				SWIFT_VERSION = 5.0;
				TARGETED_DEVICE_FAMILY = "1,2";
				TEST_TARGET_NAME = SocialCatwork;
			};
			name = Debug;
		};
		116BC2702ED5DEF500984911 /* Release */ = {
			isa = XCBuildConfiguration;
			buildSettings = {
				CODE_SIGN_STYLE = Automatic;
				CURRENT_PROJECT_VERSION = 1;
				DEVELOPMENT_TEAM = 6UXQQ2CL4C;
				GENERATE_INFOPLIST_FILE = YES;
				MARKETING_VERSION = 1.0;
				PRODUCT_BUNDLE_IDENTIFIER = com.Crbn.SocialCatworkUITests;
				PRODUCT_NAME = "$(TARGET_NAME)";
				SWIFT_EMIT_LOC_STRINGS = NO;
				SWIFT_VERSION = 5.0;
				TARGETED_DEVICE_FAMILY = "1,2";
				TEST_TARGET_NAME = SocialCatwork;
			};
			name = Release;
		};
/* End XCBuildConfiguration section */

/* Begin XCConfigurationList section */
		116BC2402ED5DEF300984911 /* Build configuration list for PBXProject "SocialCatwork" */ = {
			isa = XCConfigurationList;
			buildConfigurations = (
				116BC2662ED5DEF500984911 /* Debug */,
				116BC2672ED5DEF500984911 /* Release */,
			);
			defaultConfigurationIsVisible = 0;
			defaultConfigurationName = Release;
		};
		116BC2682ED5DEF500984911 /* Build configuration list for PBXNativeTarget "SocialCatwork" */ = {
			isa = XCConfigurationList;
			buildConfigurations = (
				116BC2692ED5DEF500984911 /* Debug */,
				116BC26A2ED5DEF500984911 /* Release */,
			);
			defaultConfigurationIsVisible = 0;
			defaultConfigurationName = Release;
		};
		116BC26B2ED5DEF500984911 /* Build configuration list for PBXNativeTarget "SocialCatworkTests" */ = {
			isa = XCConfigurationList;
			buildConfigurations = (
				116BC26C2ED5DEF500984911 /* Debug */,
				116BC26D2ED5DEF500984911 /* Release */,
			);
			defaultConfigurationIsVisible = 0;
			defaultConfigurationName = Release;
		};
		116BC26E2ED5DEF500984911 /* Build configuration list for PBXNativeTarget "SocialCatworkUITests" */ = {
			isa = XCConfigurationList;
			buildConfigurations = (
				116BC26F2ED5DEF500984911 /* Debug */,
				116BC2702ED5DEF500984911 /* Release */,
			);
			defaultConfigurationIsVisible = 0;
			defaultConfigurationName = Release;
		};
/* End XCConfigurationList section */
	};
	rootObject = 116BC23D2ED5DEF300984911 /* Project object */;
}
